
Microsoft Visual Studio Solution File, Format Version 12.00
# Visual Studio 15
VisualStudioVersion = 15.0.26124.0
MinimumVisualStudioVersion = 15.0.26124.0
Project("{9A19103F-16F7-4668-BE54-9A1E7A4F7556}") = "ConsoleApp.Jecaestevez", "ConsoleApp\ConsoleApp.Jecaestevez.csproj", "{688EE34B-C4C2-4574-832C-C8C15AFB777B}"
EndProject
Project("{9A19103F-16F7-4668-BE54-9A1E7A4F7556}") = "DAL.JecaestevezApp", "DAL\DAL.JecaestevezApp.csproj", "{D49870FB-C02B-47EF-AF5B-184951977436}"
EndProject
Project("{2150E333-8FDC-42A3-9474-1A3956D46DE8}") = "Solution Items", "Solution Items", "{1EB156F1-F42F-4134-B6D9-DFD0DEFF75F1}"
	ProjectSection(SolutionItems) = preProject
		README.md = README.md
	EndProjectSection
EndProject
Global
	GlobalSection(SolutionConfigurationPlatforms) = preSolution
		Debug|Any CPU = Debug|Any CPU
		Debug|x64 = Debug|x64
		Debug|x86 = Debug|x86
		Release|Any CPU = Release|Any CPU
		Release|x64 = Release|x64
		Release|x86 = Release|x86
	EndGlobalSection
	GlobalSection(ProjectConfigurationPlatforms) = postSolution
		{688EE34B-C4C2-4574-832C-C8C15AFB777B}.Debug|Any CPU.ActiveCfg = Debug|Any CPU
		{688EE34B-C4C2-4574-832C-C8C15AFB777B}.Debug|Any CPU.Build.0 = Debug|Any CPU
		{688EE34B-C4C2-4574-832C-C8C15AFB777B}.Debug|x64.ActiveCfg = Debug|Any CPU
		{688EE34B-C4C2-4574-832C-C8C15AFB777B}.Debug|x64.Build.0 = Debug|Any CPU
		{688EE34B-C4C2-4574-832C-C8C15AFB777B}.Debug|x86.ActiveCfg = Debug|Any CPU
		{688EE34B-C4C2-4574-832C-C8C15AFB777B}.Debug|x86.Build.0 = Debug|Any CPU
		{688EE34B-C4C2-4574-832C-C8C15AFB777B}.Release|Any CPU.ActiveCfg = Release|Any CPU
		{688EE34B-C4C2-4574-832C-C8C15AFB777B}.Release|Any CPU.Build.0 = Release|Any CPU
		{688EE34B-C4C2-4574-832C-C8C15AFB777B}.Release|x64.ActiveCfg = Release|Any CPU
		{688EE34B-C4C2-4574-832C-C8C15AFB777B}.Release|x64.Build.0 = Release|Any CPU
		{688EE34B-C4C2-4574-832C-C8C15AFB777B}.Release|x86.ActiveCfg = Release|Any CPU
		{688EE34B-C4C2-4574-832C-C8C15AFB777B}.Release|x86.Build.0 = Release|Any CPU
		{D49870FB-C02B-47EF-AF5B-184951977436}.Debug|Any CPU.ActiveCfg = Debug|Any CPU
		{D49870FB-C02B-47EF-AF5B-184951977436}.Debug|Any CPU.Build.0 = Debug|Any CPU
		{D49870FB-C02B-47EF-AF5B-184951977436}.Debug|x64.ActiveCfg = Debug|Any CPU
		{D49870FB-C02B-47EF-AF5B-184951977436}.Debug|x64.Build.0 = Debug|Any CPU
		{D49870FB-C02B-47EF-AF5B-184951977436}.Debug|x86.ActiveCfg = Debug|Any CPU
		{D49870FB-C02B-47EF-AF5B-184951977436}.Debug|x86.Build.0 = Debug|Any CPU
		{D49870FB-C02B-47EF-AF5B-184951977436}.Release|Any CPU.ActiveCfg = Release|Any CPU
		{D49870FB-C02B-47EF-AF5B-184951977436}.Release|Any CPU.Build.0 = Release|Any CPU
		{D49870FB-C02B-47EF-AF5B-184951977436}.Release|x64.ActiveCfg = Release|Any CPU
		{D49870FB-C02B-47EF-AF5B-184951977436}.Release|x64.Build.0 = Release|Any CPU
		{D49870FB-C02B-47EF-AF5B-184951977436}.Release|x86.ActiveCfg = Release|Any CPU
		{D49870FB-C02B-47EF-AF5B-184951977436}.Release|x86.Build.0 = Release|Any CPU
	EndGlobalSection
	GlobalSection(SolutionProperties) = preSolution
		HideSolutionNode = FALSE
	EndGlobalSection
	GlobalSection(ExtensibilityGlobals) = postSolution
		SolutionGuid = {E9A3C93D-7D95-4516-95EA-16B5A21B3A80}
	EndGlobalSection
EndGlobal
